
Microsoft Visual Studio Solution File, Format Version 12.00
# Visual Studio 2013
VisualStudioVersion = 12.0.30723.0
MinimumVisualStudioVersion = 10.0.40219.1
Project("{FAE04EC0-301F-11D3-BF4B-00C04F79EFBC}") = "Bertoni.TestFinale.Activity.Domain", "Bertoni.TestFinale.Activity.Domain\Bertoni.TestFinale.Activity.Domain.csproj", "{951CD0D7-5B16-4740-8A16-D8025E06BDD3}"
EndProject
Project("{FAE04EC0-301F-11D3-BF4B-00C04F79EFBC}") = "Bertoni.TestFinale.Activity.WebApi", "Bertoni.TestFinale.Activity.WebApi\Bertoni.TestFinale.Activity.WebApi.csproj", "{95D86CBF-6F30-43AA-ABEE-ADD80BD6137D}"
EndProject
Project("{FAE04EC0-301F-11D3-BF4B-00C04F79EFBC}") = "Bertoni.TestFinale.Activity.AzureStorage", "Bertoni.TestFinale.Activity.AzureStorage\Bertoni.TestFinale.Activity.AzureStorage.csproj", "{F22D8436-E53E-4302-93A7-99F66AD765A9}"
EndProject
Project("{FAE04EC0-301F-11D3-BF4B-00C04F79EFBC}") = "Bertoni.TestFinale.Utils.AzureStorage", "Bertoni.TestFinale.Utils.AzureStorage\Bertoni.TestFinale.Utils.AzureStorage.csproj", "{F4FC5D2A-41E6-4EBF-9BEE-BC3ADF86479F}"
EndProject
Global
	GlobalSection(SolutionConfigurationPlatforms) = preSolution
		Debug|Any CPU = Debug|Any CPU
		Release|Any CPU = Release|Any CPU
	EndGlobalSection
	GlobalSection(ProjectConfigurationPlatforms) = postSolution
		{951CD0D7-5B16-4740-8A16-D8025E06BDD3}.Debug|Any CPU.ActiveCfg = Debug|Any CPU
		{951CD0D7-5B16-4740-8A16-D8025E06BDD3}.Debug|Any CPU.Build.0 = Debug|Any CPU
		{951CD0D7-5B16-4740-8A16-D8025E06BDD3}.Release|Any CPU.ActiveCfg = Release|Any CPU
		{951CD0D7-5B16-4740-8A16-D8025E06BDD3}.Release|Any CPU.Build.0 = Release|Any CPU
		{95D86CBF-6F30-43AA-ABEE-ADD80BD6137D}.Debug|Any CPU.ActiveCfg = Debug|Any CPU
		{95D86CBF-6F30-43AA-ABEE-ADD80BD6137D}.Debug|Any CPU.Build.0 = Debug|Any CPU
		{95D86CBF-6F30-43AA-ABEE-ADD80BD6137D}.Release|Any CPU.ActiveCfg = Release|Any CPU
		{95D86CBF-6F30-43AA-ABEE-ADD80BD6137D}.Release|Any CPU.Build.0 = Release|Any CPU
		{F22D8436-E53E-4302-93A7-99F66AD765A9}.Debug|Any CPU.ActiveCfg = Debug|Any CPU
		{F22D8436-E53E-4302-93A7-99F66AD765A9}.Debug|Any CPU.Build.0 = Debug|Any CPU
		{F22D8436-E53E-4302-93A7-99F66AD765A9}.Release|Any CPU.ActiveCfg = Release|Any CPU
		{F22D8436-E53E-4302-93A7-99F66AD765A9}.Release|Any CPU.Build.0 = Release|Any CPU
		{F4FC5D2A-41E6-4EBF-9BEE-BC3ADF86479F}.Debug|Any CPU.ActiveCfg = Debug|Any CPU
		{F4FC5D2A-41E6-4EBF-9BEE-BC3ADF86479F}.Debug|Any CPU.Build.0 = Debug|Any CPU
		{F4FC5D2A-41E6-4EBF-9BEE-BC3ADF86479F}.Release|Any CPU.ActiveCfg = Release|Any CPU
		{F4FC5D2A-41E6-4EBF-9BEE-BC3ADF86479F}.Release|Any CPU.Build.0 = Release|Any CPU
	EndGlobalSection
	GlobalSection(SolutionProperties) = preSolution
		HideSolutionNode = FALSE
	EndGlobalSection
EndGlobal
